
Microsoft Visual Studio Solution File, Format Version 12.00
# Visual Studio Version 16
VisualStudioVersion = 16.0.30330.147
MinimumVisualStudioVersion = 10.0.40219.1
Project("{FAE04EC0-301F-11D3-BF4B-00C04F79EFBC}") = "Expressions", "Expressions\Expressions.csproj", "{82AB989D-EFB8-4F30-9E8F-F1CC96F12841}"
EndProject
Global
	GlobalSection(SolutionConfigurationPlatforms) = preSolution
		Debug|Any CPU = Debug|Any CPU
		Release|Any CPU = Release|Any CPU
	EndGlobalSection
	GlobalSection(ProjectConfigurationPlatforms) = postSolution
		{82AB989D-EFB8-4F30-9E8F-F1CC96F12841}.Debug|Any CPU.ActiveCfg = Debug|Any CPU
		{82AB989D-EFB8-4F30-9E8F-F1CC96F12841}.Debug|Any CPU.Build.0 = Debug|Any CPU
		{82AB989D-EFB8-4F30-9E8F-F1CC96F12841}.Release|Any CPU.ActiveCfg = Release|Any CPU
		{82AB989D-EFB8-4F30-9E8F-F1CC96F12841}.Release|Any CPU.Build.0 = Release|Any CPU
	EndGlobalSection
	GlobalSection(SolutionProperties) = preSolution
		HideSolutionNode = FALSE
	EndGlobalSection
	GlobalSection(ExtensibilityGlobals) = postSolution
		SolutionGuid = {0D47BCB1-3466-4A28-A505-51C80FE1B7B9}
	EndGlobalSection
EndGlobal
